// !$*UTF8*$!
{
	archiveVersion = 1;
	classes = {
	};
	objectVersion = 56;
	objects = {

/* Begin PBXBuildFile section */
		2E3EA48C2948BC5900BA8585 /* AppDelegate.swift in Sources */ = {isa = PBXBuildFile; fileRef = 2E3EA48B2948BC5900BA8585 /* AppDelegate.swift */; };
		2E3EA48E2948BC5900BA8585 /* SceneDelegate.swift in Sources */ = {isa = PBXBuildFile; fileRef = 2E3EA48D2948BC5900BA8585 /* SceneDelegate.swift */; };
		2E3EA4902948BC5900BA8585 /* RecentPhotoTableViewController.swift in Sources */ = {isa = PBXBuildFile; fileRef = 2E3EA48F2948BC5900BA8585 /* RecentPhotoTableViewController.swift */; };
		2E3EA4932948BC5900BA8585 /* Main.storyboard in Resources */ = {isa = PBXBuildFile; fileRef = 2E3EA4912948BC5900BA8585 /* Main.storyboard */; };
		2E3EA4952948BC5A00BA8585 /* Assets.xcassets in Resources */ = {isa = PBXBuildFile; fileRef = 2E3EA4942948BC5A00BA8585 /* Assets.xcassets */; };
		2E3EA4982948BC5A00BA8585 /* LaunchScreen.storyboard in Resources */ = {isa = PBXBuildFile; fileRef = 2E3EA4962948BC5A00BA8585 /* LaunchScreen.storyboard */; };
		2E3EA4A4294A189D00BA8585 /* PhotoTableViewCell.swift in Sources */ = {isa = PBXBuildFile; fileRef = 2E3EA4A3294A189D00BA8585 /* PhotoTableViewCell.swift */; };
		2E3EA4A7294A300A00BA8585 /* PhotoDetailViewController.swift in Sources */ = {isa = PBXBuildFile; fileRef = 2E3EA4A6294A300A00BA8585 /* PhotoDetailViewController.swift */; };
		2E3EA4AD294A318400BA8585 /* PhotoDetail.storyboard in Resources */ = {isa = PBXBuildFile; fileRef = 2E3EA4AC294A318400BA8585 /* PhotoDetail.storyboard */; };
		2E3EA4B0294B67E500BA8585 /* PhotosResponse.swift in Sources */ = {isa = PBXBuildFile; fileRef = 2E3EA4AF294B67E500BA8585 /* PhotosResponse.swift */; };
		2E3EA4B2294B685100BA8585 /* Photos.swift in Sources */ = {isa = PBXBuildFile; fileRef = 2E3EA4B1294B685100BA8585 /* Photos.swift */; };
		2E3EA4B4294B6F4700BA8585 /* Photo.swift in Sources */ = {isa = PBXBuildFile; fileRef = 2E3EA4B3294B6F4700BA8585 /* Photo.swift */; };
/* End PBXBuildFile section */

/* Begin PBXFileReference section */
		2E3EA4882948BC5900BA8585 /* FlickrClientApp.app */ = {isa = PBXFileReference; explicitFileType = wrapper.application; includeInIndex = 0; path = FlickrClientApp.app; sourceTree = BUILT_PRODUCTS_DIR; };
		2E3EA48B2948BC5900BA8585 /* AppDelegate.swift */ = {isa = PBXFileReference; lastKnownFileType = sourcecode.swift; path = AppDelegate.swift; sourceTree = "<group>"; };
		2E3EA48D2948BC5900BA8585 /* SceneDelegate.swift */ = {isa = PBXFileReference; lastKnownFileType = sourcecode.swift; path = SceneDelegate.swift; sourceTree = "<group>"; };
		2E3EA48F2948BC5900BA8585 /* RecentPhotoTableViewController.swift */ = {isa = PBXFileReference; lastKnownFileType = sourcecode.swift; path = RecentPhotoTableViewController.swift; sourceTree = "<group>"; };
		2E3EA4922948BC5900BA8585 /* Base */ = {isa = PBXFileReference; lastKnownFileType = file.storyboard; name = Base; path = Base.lproj/Main.storyboard; sourceTree = "<group>"; };
		2E3EA4942948BC5A00BA8585 /* Assets.xcassets */ = {isa = PBXFileReference; lastKnownFileType = folder.assetcatalog; path = Assets.xcassets; sourceTree = "<group>"; };
		2E3EA4972948BC5A00BA8585 /* Base */ = {isa = PBXFileReference; lastKnownFileType = file.storyboard; name = Base; path = Base.lproj/LaunchScreen.storyboard; sourceTree = "<group>"; };
		2E3EA4992948BC5A00BA8585 /* Info.plist */ = {isa = PBXFileReference; lastKnownFileType = text.plist.xml; path = Info.plist; sourceTree = "<group>"; };
		2E3EA4A3294A189D00BA8585 /* PhotoTableViewCell.swift */ = {isa = PBXFileReference; lastKnownFileType = sourcecode.swift; path = PhotoTableViewCell.swift; sourceTree = "<group>"; };
		2E3EA4A6294A300A00BA8585 /* PhotoDetailViewController.swift */ = {isa = PBXFileReference; lastKnownFileType = sourcecode.swift; path = PhotoDetailViewController.swift; sourceTree = "<group>"; };
		2E3EA4AC294A318400BA8585 /* PhotoDetail.storyboard */ = {isa = PBXFileReference; lastKnownFileType = file.storyboard; path = PhotoDetail.storyboard; sourceTree = "<group>"; };
		2E3EA4AF294B67E500BA8585 /* PhotosResponse.swift */ = {isa = PBXFileReference; lastKnownFileType = sourcecode.swift; path = PhotosResponse.swift; sourceTree = "<group>"; };
		2E3EA4B1294B685100BA8585 /* Photos.swift */ = {isa = PBXFileReference; lastKnownFileType = sourcecode.swift; path = Photos.swift; sourceTree = "<group>"; };
		2E3EA4B3294B6F4700BA8585 /* Photo.swift */ = {isa = PBXFileReference; lastKnownFileType = sourcecode.swift; path = Photo.swift; sourceTree = "<group>"; };
/* End PBXFileReference section */

/* Begin PBXFrameworksBuildPhase section */
		2E3EA4852948BC5900BA8585 /* Frameworks */ = {
			isa = PBXFrameworksBuildPhase;
			buildActionMask = 2147483647;
			files = (
			);
			runOnlyForDeploymentPostprocessing = 0;
		};
/* End PBXFrameworksBuildPhase section */

/* Begin PBXGroup section */
		2E3EA47F2948BC5900BA8585 = {
			isa = PBXGroup;
			children = (
				2E3EA48A2948BC5900BA8585 /* FlickrClientApp */,
				2E3EA4892948BC5900BA8585 /* Products */,
			);
			sourceTree = "<group>";
		};
		2E3EA4892948BC5900BA8585 /* Products */ = {
			isa = PBXGroup;
			children = (
				2E3EA4882948BC5900BA8585 /* FlickrClientApp.app */,
			);
			name = Products;
			sourceTree = "<group>";
		};
		2E3EA48A2948BC5900BA8585 /* FlickrClientApp */ = {
			isa = PBXGroup;
			children = (
				2E3EA4A12948BCAC00BA8585 /* SupportingFiles */,
				2E3EA4A02948BCA500BA8585 /* Screens */,
				2E3EA49F2948BC9D00BA8585 /* Apps */,
			);
			path = FlickrClientApp;
			sourceTree = "<group>";
		};
		2E3EA49F2948BC9D00BA8585 /* Apps */ = {
			isa = PBXGroup;
			children = (
				2E3EA48B2948BC5900BA8585 /* AppDelegate.swift */,
				2E3EA48D2948BC5900BA8585 /* SceneDelegate.swift */,
			);
			path = Apps;
			sourceTree = "<group>";
		};
		2E3EA4A02948BCA500BA8585 /* Screens */ = {
			isa = PBXGroup;
			children = (
				2E3EA4A5294A2FA200BA8585 /* PhotoDetail */,
				2E3EA4A22948BD1600BA8585 /* RecentPhotos */,
			);
			path = Screens;
			sourceTree = "<group>";
		};
		2E3EA4A12948BCAC00BA8585 /* SupportingFiles */ = {
			isa = PBXGroup;
			children = (
				2E3EA4942948BC5A00BA8585 /* Assets.xcassets */,
				2E3EA4962948BC5A00BA8585 /* LaunchScreen.storyboard */,
				2E3EA4992948BC5A00BA8585 /* Info.plist */,
			);
			path = SupportingFiles;
			sourceTree = "<group>";
		};
		2E3EA4A22948BD1600BA8585 /* RecentPhotos */ = {
			isa = PBXGroup;
			children = (
				2E3EA4AE294B67C200BA8585 /* Model */,
				2E3EA4A9294A304900BA8585 /* View */,
				2E3EA4A8294A303300BA8585 /* Controller */,
			);
			path = RecentPhotos;
			sourceTree = "<group>";
		};
		2E3EA4A5294A2FA200BA8585 /* PhotoDetail */ = {
			isa = PBXGroup;
			children = (
				2E3EA4AB294A30B700BA8585 /* View */,
				2E3EA4AA294A30A500BA8585 /* Controller */,
			);
			path = PhotoDetail;
			sourceTree = "<group>";
		};
		2E3EA4A8294A303300BA8585 /* Controller */ = {
			isa = PBXGroup;
			children = (
				2E3EA48F2948BC5900BA8585 /* RecentPhotoTableViewController.swift */,
			);
			path = Controller;
			sourceTree = "<group>";
		};
		2E3EA4A9294A304900BA8585 /* View */ = {
			isa = PBXGroup;
			children = (
				2E3EA4A3294A189D00BA8585 /* PhotoTableViewCell.swift */,
				2E3EA4912948BC5900BA8585 /* Main.storyboard */,
			);
			path = View;
			sourceTree = "<group>";
		};
		2E3EA4AA294A30A500BA8585 /* Controller */ = {
			isa = PBXGroup;
			children = (
				2E3EA4A6294A300A00BA8585 /* PhotoDetailViewController.swift */,
			);
			path = Controller;
			sourceTree = "<group>";
		};
		2E3EA4AB294A30B700BA8585 /* View */ = {
			isa = PBXGroup;
			children = (
				2E3EA4AC294A318400BA8585 /* PhotoDetail.storyboard */,
			);
			path = View;
			sourceTree = "<group>";
		};
		2E3EA4AE294B67C200BA8585 /* Model */ = {
			isa = PBXGroup;
			children = (
				2E3EA4AF294B67E500BA8585 /* PhotosResponse.swift */,
				2E3EA4B1294B685100BA8585 /* Photos.swift */,
				2E3EA4B3294B6F4700BA8585 /* Photo.swift */,
			);
			path = Model;
			sourceTree = "<group>";
		};
/* End PBXGroup section */

/* Begin PBXNativeTarget section */
		2E3EA4872948BC5900BA8585 /* FlickrClientApp */ = {
			isa = PBXNativeTarget;
			buildConfigurationList = 2E3EA49C2948BC5A00BA8585 /* Build configuration list for PBXNativeTarget "FlickrClientApp" */;
			buildPhases = (
				2E3EA4842948BC5900BA8585 /* Sources */,
				2E3EA4852948BC5900BA8585 /* Frameworks */,
				2E3EA4862948BC5900BA8585 /* Resources */,
			);
			buildRules = (
			);
			dependencies = (
			);
			name = FlickrClientApp;
			productName = FlickrClientApp;
			productReference = 2E3EA4882948BC5900BA8585 /* FlickrClientApp.app */;
			productType = "com.apple.product-type.application";
		};
/* End PBXNativeTarget section */

/* Begin PBXProject section */
		2E3EA4802948BC5900BA8585 /* Project object */ = {
			isa = PBXProject;
			attributes = {
				BuildIndependentTargetsInParallel = 1;
				LastSwiftUpdateCheck = 1400;
				LastUpgradeCheck = 1400;
				TargetAttributes = {
					2E3EA4872948BC5900BA8585 = {
						CreatedOnToolsVersion = 14.0.1;
					};
				};
			};
			buildConfigurationList = 2E3EA4832948BC5900BA8585 /* Build configuration list for PBXProject "FlickrClientApp" */;
			compatibilityVersion = "Xcode 14.0";
			developmentRegion = en;
			hasScannedForEncodings = 0;
			knownRegions = (
				en,
				Base,
			);
			mainGroup = 2E3EA47F2948BC5900BA8585;
			productRefGroup = 2E3EA4892948BC5900BA8585 /* Products */;
			projectDirPath = "";
			projectRoot = "";
			targets = (
				2E3EA4872948BC5900BA8585 /* FlickrClientApp */,
			);
		};
/* End PBXProject section */

/* Begin PBXResourcesBuildPhase section */
		2E3EA4862948BC5900BA8585 /* Resources */ = {
			isa = PBXResourcesBuildPhase;
			buildActionMask = 2147483647;
			files = (
				2E3EA4982948BC5A00BA8585 /* LaunchScreen.storyboard in Resources */,
				2E3EA4952948BC5A00BA8585 /* Assets.xcassets in Resources */,
				2E3EA4AD294A318400BA8585 /* PhotoDetail.storyboard in Resources */,
				2E3EA4932948BC5900BA8585 /* Main.storyboard in Resources */,
			);
			runOnlyForDeploymentPostprocessing = 0;
		};
/* End PBXResourcesBuildPhase section */

/* Begin PBXSourcesBuildPhase section */
		2E3EA4842948BC5900BA8585 /* Sources */ = {
			isa = PBXSourcesBuildPhase;
			buildActionMask = 2147483647;
			files = (
				2E3EA4B4294B6F4700BA8585 /* Photo.swift in Sources */,
				2E3EA4A4294A189D00BA8585 /* PhotoTableViewCell.swift in Sources */,
				2E3EA4902948BC5900BA8585 /* RecentPhotoTableViewController.swift in Sources */,
				2E3EA48C2948BC5900BA8585 /* AppDelegate.swift in Sources */,
				2E3EA4B0294B67E500BA8585 /* PhotosResponse.swift in Sources */,
				2E3EA4A7294A300A00BA8585 /* PhotoDetailViewController.swift in Sources */,
				2E3EA48E2948BC5900BA8585 /* SceneDelegate.swift in Sources */,
				2E3EA4B2294B685100BA8585 /* Photos.swift in Sources */,
			);
			runOnlyForDeploymentPostprocessing = 0;
		};
/* End PBXSourcesBuildPhase section */

/* Begin PBXVariantGroup section */
		2E3EA4912948BC5900BA8585 /* Main.storyboard */ = {
			isa = PBXVariantGroup;
			children = (
				2E3EA4922948BC5900BA8585 /* Base */,
			);
			name = Main.storyboard;
			sourceTree = "<group>";
		};
		2E3EA4962948BC5A00BA8585 /* LaunchScreen.storyboard */ = {
			isa = PBXVariantGroup;
			children = (
				2E3EA4972948BC5A00BA8585 /* Base */,
			);
			name = LaunchScreen.storyboard;
			sourceTree = "<group>";
		};
/* End PBXVariantGroup section */

/* Begin XCBuildConfiguration section */
		2E3EA49A2948BC5A00BA8585 /* Debug */ = {
			isa = XCBuildConfiguration;
			buildSettings = {
				ALWAYS_SEARCH_USER_PATHS = NO;
				CLANG_ANALYZER_NONNULL = YES;
				CLANG_ANALYZER_NUMBER_OBJECT_CONVERSION = YES_AGGRESSIVE;
				CLANG_CXX_LANGUAGE_STANDARD = "gnu++20";
				CLANG_ENABLE_MODULES = YES;
				CLANG_ENABLE_OBJC_ARC = YES;
				CLANG_ENABLE_OBJC_WEAK = YES;
				CLANG_WARN_BLOCK_CAPTURE_AUTORELEASING = YES;
				CLANG_WARN_BOOL_CONVERSION = YES;
				CLANG_WARN_COMMA = YES;
				CLANG_WARN_CONSTANT_CONVERSION = YES;
				CLANG_WARN_DEPRECATED_OBJC_IMPLEMENTATIONS = YES;
				CLANG_WARN_DIRECT_OBJC_ISA_USAGE = YES_ERROR;
				CLANG_WARN_DOCUMENTATION_COMMENTS = YES;
				CLANG_WARN_EMPTY_BODY = YES;
				CLANG_WARN_ENUM_CONVERSION = YES;
				CLANG_WARN_INFINITE_RECURSION = YES;
				CLANG_WARN_INT_CONVERSION = YES;
				CLANG_WARN_NON_LITERAL_NULL_CONVERSION = YES;
				CLANG_WARN_OBJC_IMPLICIT_RETAIN_SELF = YES;
				CLANG_WARN_OBJC_LITERAL_CONVERSION = YES;
				CLANG_WARN_OBJC_ROOT_CLASS = YES_ERROR;
				CLANG_WARN_QUOTED_INCLUDE_IN_FRAMEWORK_HEADER = YES;
				CLANG_WARN_RANGE_LOOP_ANALYSIS = YES;
				CLANG_WARN_STRICT_PROTOTYPES = YES;
				CLANG_WARN_SUSPICIOUS_MOVE = YES;
				CLANG_WARN_UNGUARDED_AVAILABILITY = YES_AGGRESSIVE;
				CLANG_WARN_UNREACHABLE_CODE = YES;
				CLANG_WARN__DUPLICATE_METHOD_MATCH = YES;
				COPY_PHASE_STRIP = NO;
				DEBUG_INFORMATION_FORMAT = dwarf;
				ENABLE_STRICT_OBJC_MSGSEND = YES;
				ENABLE_TESTABILITY = YES;
				GCC_C_LANGUAGE_STANDARD = gnu11;
				GCC_DYNAMIC_NO_PIC = NO;
				GCC_NO_COMMON_BLOCKS = YES;
				GCC_OPTIMIZATION_LEVEL = 0;
				GCC_PREPROCESSOR_DEFINITIONS = (
					"DEBUG=1",
					"$(inherited)",
				);
				GCC_WARN_64_TO_32_BIT_CONVERSION = YES;
				GCC_WARN_ABOUT_RETURN_TYPE = YES_ERROR;
				GCC_WARN_UNDECLARED_SELECTOR = YES;
				GCC_WARN_UNINITIALIZED_AUTOS = YES_AGGRESSIVE;
				GCC_WARN_UNUSED_FUNCTION = YES;
				GCC_WARN_UNUSED_VARIABLE = YES;
				IPHONEOS_DEPLOYMENT_TARGET = 16.0;
				MTL_ENABLE_DEBUG_INFO = INCLUDE_SOURCE;
				MTL_FAST_MATH = YES;
				ONLY_ACTIVE_ARCH = YES;
				SDKROOT = iphoneos;
				SWIFT_ACTIVE_COMPILATION_CONDITIONS = DEBUG;
				SWIFT_OPTIMIZATION_LEVEL = "-Onone";
			};
			name = Debug;
		};
		2E3EA49B2948BC5A00BA8585 /* Release */ = {
			isa = XCBuildConfiguration;
			buildSettings = {
				ALWAYS_SEARCH_USER_PATHS = NO;
				CLANG_ANALYZER_NONNULL = YES;
				CLANG_ANALYZER_NUMBER_OBJECT_CONVERSION = YES_AGGRESSIVE;
				CLANG_CXX_LANGUAGE_STANDARD = "gnu++20";
				CLANG_ENABLE_MODULES = YES;
				CLANG_ENABLE_OBJC_ARC = YES;
				CLANG_ENABLE_OBJC_WEAK = YES;
				CLANG_WARN_BLOCK_CAPTURE_AUTORELEASING = YES;
				CLANG_WARN_BOOL_CONVERSION = YES;
				CLANG_WARN_COMMA = YES;
				CLANG_WARN_CONSTANT_CONVERSION = YES;
				CLANG_WARN_DEPRECATED_OBJC_IMPLEMENTATIONS = YES;
				CLANG_WARN_DIRECT_OBJC_ISA_USAGE = YES_ERROR;
				CLANG_WARN_DOCUMENTATION_COMMENTS = YES;
				CLANG_WARN_EMPTY_BODY = YES;
				CLANG_WARN_ENUM_CONVERSION = YES;
				CLANG_WARN_INFINITE_RECURSION = YES;
				CLANG_WARN_INT_CONVERSION = YES;
				CLANG_WARN_NON_LITERAL_NULL_CONVERSION = YES;
				CLANG_WARN_OBJC_IMPLICIT_RETAIN_SELF = YES;
				CLANG_WARN_OBJC_LITERAL_CONVERSION = YES;
				CLANG_WARN_OBJC_ROOT_CLASS = YES_ERROR;
				CLANG_WARN_QUOTED_INCLUDE_IN_FRAMEWORK_HEADER = YES;
				CLANG_WARN_RANGE_LOOP_ANALYSIS = YES;
				CLANG_WARN_STRICT_PROTOTYPES = YES;
				CLANG_WARN_SUSPICIOUS_MOVE = YES;
				CLANG_WARN_UNGUARDED_AVAILABILITY = YES_AGGRESSIVE;
				CLANG_WARN_UNREACHABLE_CODE = YES;
				CLANG_WARN__DUPLICATE_METHOD_MATCH = YES;
				COPY_PHASE_STRIP = NO;
				DEBUG_INFORMATION_FORMAT = "dwarf-with-dsym";
				ENABLE_NS_ASSERTIONS = NO;
				ENABLE_STRICT_OBJC_MSGSEND = YES;
				GCC_C_LANGUAGE_STANDARD = gnu11;
				GCC_NO_COMMON_BLOCKS = YES;
				GCC_WARN_64_TO_32_BIT_CONVERSION = YES;
				GCC_WARN_ABOUT_RETURN_TYPE = YES_ERROR;
				GCC_WARN_UNDECLARED_SELECTOR = YES;
				GCC_WARN_UNINITIALIZED_AUTOS = YES_AGGRESSIVE;
				GCC_WARN_UNUSED_FUNCTION = YES;
				GCC_WARN_UNUSED_VARIABLE = YES;
				IPHONEOS_DEPLOYMENT_TARGET = 16.0;
				MTL_ENABLE_DEBUG_INFO = NO;
				MTL_FAST_MATH = YES;
				SDKROOT = iphoneos;
				SWIFT_COMPILATION_MODE = wholemodule;
				SWIFT_OPTIMIZATION_LEVEL = "-O";
				VALIDATE_PRODUCT = YES;
			};
			name = Release;
		};
		2E3EA49D2948BC5A00BA8585 /* Debug */ = {
			isa = XCBuildConfiguration;
			buildSettings = {
				ASSETCATALOG_COMPILER_APPICON_NAME = AppIcon;
				ASSETCATALOG_COMPILER_GLOBAL_ACCENT_COLOR_NAME = AccentColor;
				CODE_SIGN_STYLE = Automatic;
				CURRENT_PROJECT_VERSION = 1;
				DEVELOPMENT_TEAM = 34GKX882TW;
				GENERATE_INFOPLIST_FILE = YES;
				INFOPLIST_FILE = FlickrClientApp/SupportingFiles/Info.plist;
				INFOPLIST_KEY_UIApplicationSupportsIndirectInputEvents = YES;
				INFOPLIST_KEY_UILaunchStoryboardName = LaunchScreen;
				INFOPLIST_KEY_UIMainStoryboardFile = Main;
				INFOPLIST_KEY_UISupportedInterfaceOrientations_iPad = "UIInterfaceOrientationPortrait UIInterfaceOrientationPortraitUpsideDown UIInterfaceOrientationLandscapeLeft UIInterfaceOrientationLandscapeRight";
				INFOPLIST_KEY_UISupportedInterfaceOrientations_iPhone = "UIInterfaceOrientationPortrait UIInterfaceOrientationLandscapeLeft UIInterfaceOrientationLandscapeRight";
				LD_RUNPATH_SEARCH_PATHS = (
					"$(inherited)",
					"@executable_path/Frameworks",
				);
				MARKETING_VERSION = 1.0;
				PRODUCT_BUNDLE_IDENTIFIER = com.muhammedgul.FlickrClientApp;
				PRODUCT_NAME = "$(TARGET_NAME)";
				SWIFT_EMIT_LOC_STRINGS = YES;
				SWIFT_VERSION = 5.0;
				TARGETED_DEVICE_FAMILY = "1,2";
			};
			name = Debug;
		};
		2E3EA49E2948BC5A00BA8585 /* Release */ = {
			isa = XCBuildConfiguration;
			buildSettings = {
				ASSETCATALOG_COMPILER_APPICON_NAME = AppIcon;
				ASSETCATALOG_COMPILER_GLOBAL_ACCENT_COLOR_NAME = AccentColor;
				CODE_SIGN_STYLE = Automatic;
				CURRENT_PROJECT_VERSION = 1;
				DEVELOPMENT_TEAM = 34GKX882TW;
				GENERATE_INFOPLIST_FILE = YES;
				INFOPLIST_FILE = FlickrClientApp/SupportingFiles/Info.plist;
				INFOPLIST_KEY_UIApplicationSupportsIndirectInputEvents = YES;
				INFOPLIST_KEY_UILaunchStoryboardName = LaunchScreen;
				INFOPLIST_KEY_UIMainStoryboardFile = Main;
				INFOPLIST_KEY_UISupportedInterfaceOrientations_iPad = "UIInterfaceOrientationPortrait UIInterfaceOrientationPortraitUpsideDown UIInterfaceOrientationLandscapeLeft UIInterfaceOrientationLandscapeRight";
				INFOPLIST_KEY_UISupportedInterfaceOrientations_iPhone = "UIInterfaceOrientationPortrait UIInterfaceOrientationLandscapeLeft UIInterfaceOrientationLandscapeRight";
				LD_RUNPATH_SEARCH_PATHS = (
					"$(inherited)",
					"@executable_path/Frameworks",
				);
				MARKETING_VERSION = 1.0;
				PRODUCT_BUNDLE_IDENTIFIER = com.muhammedgul.FlickrClientApp;
				PRODUCT_NAME = "$(TARGET_NAME)";
				SWIFT_EMIT_LOC_STRINGS = YES;
				SWIFT_VERSION = 5.0;
				TARGETED_DEVICE_FAMILY = "1,2";
			};
			name = Release;
		};
/* End XCBuildConfiguration section */

/* Begin XCConfigurationList section */
		2E3EA4832948BC5900BA8585 /* Build configuration list for PBXProject "FlickrClientApp" */ = {
			isa = XCConfigurationList;
			buildConfigurations = (
				2E3EA49A2948BC5A00BA8585 /* Debug */,
				2E3EA49B2948BC5A00BA8585 /* Release */,
			);
			defaultConfigurationIsVisible = 0;
			defaultConfigurationName = Release;
		};
		2E3EA49C2948BC5A00BA8585 /* Build configuration list for PBXNativeTarget "FlickrClientApp" */ = {
			isa = XCConfigurationList;
			buildConfigurations = (
				2E3EA49D2948BC5A00BA8585 /* Debug */,
				2E3EA49E2948BC5A00BA8585 /* Release */,
			);
			defaultConfigurationIsVisible = 0;
			defaultConfigurationName = Release;
		};
/* End XCConfigurationList section */
	};
	rootObject = 2E3EA4802948BC5900BA8585 /* Project object */;
}
